{
  "name": "override_array_from",
  "lockfileVersion": 2,
  "requires": true,
  "packages": {
    "": {
      "dependencies": {
        "css-selector-generator": "^3.6.1"
      }
    },
    "node_modules/cartesian": {
      "version": "1.0.1",
      "resolved": "https://registry.npmjs.org/cartesian/-/cartesian-1.0.1.tgz",
      "integrity": "sha1-rj/Ipj4rp+LEmJzmliB0V7yuZa8=",
      "dependencies": {
        "xtend": "^4.0.1"
      }
    },
    "node_modules/css-selector-generator": {
      "version": "3.6.1",
      "resolved": "https://registry.npmjs.org/css-selector-generator/-/css-selector-generator-3.6.1.tgz",
      "integrity": "sha512-00CD9cAH1bYKi/7UztQmsnp1MJjeBMV7hMAR39wG/jDI2ef2BS9ZqW3gKpBN+vJOxB4rNrQG4xJfmgx5ZFCFHQ==",
      "dependencies": {
        "cartesian": "^1.0.1",
        "iselement": "^1.1.4"
      }
    },
    "node_modules/iselement": {
      "version": "1.1.4",
      "resolved": "https://registry.npmjs.org/iselement/-/iselement-1.1.4.tgz",
      "integrity": "sha1-flW1Ko68pQp+LoDluNKEDzI1MUY="
    },
    "node_modules/xtend": {
      "version": "4.0.2",
      "resolved": "https://registry.npmjs.org/xtend/-/xtend-4.0.2.tgz",
      "integrity": "sha512-LKYU1iAXJXUgAXn9URjiu+MWhyUXHsvfp7mcuYm9dSUKK0/CjtrUwFAxD82/mCWbtLsGjFIad0wIsod4zrTAEQ==",
      "engines": {
        "node": ">=0.4"
      }
    }
  },
  "dependencies": {
    "cartesian": {
      "version": "1.0.1",
      "resolved": "https://registry.npmjs.org/cartesian/-/cartesian-1.0.1.tgz",
      "integrity": "sha1-rj/Ipj4rp+LEmJzmliB0V7yuZa8=",
      "requires": {
        "xtend": "^4.0.1"
      }
    },
    "css-selector-generator": {
      "version": "3.6.1",
      "resolved": "https://registry.npmjs.org/css-selector-generator/-/css-selector-generator-3.6.1.tgz",
      "integrity": "sha512-00CD9cAH1bYKi/7UztQmsnp1MJjeBMV7hMAR39wG/jDI2ef2BS9ZqW3gKpBN+vJOxB4rNrQG4xJfmgx5ZFCFHQ==",
      "requires": {
        "cartesian": "^1.0.1",
        "iselement": "^1.1.4"
      }
    },
    "iselement": {
      "version": "1.1.4",
      "resolved": "https://registry.npmjs.org/iselement/-/iselement-1.1.4.tgz",
      "integrity": "sha1-flW1Ko68pQp+LoDluNKEDzI1MUY="
    },
    "xtend": {
      "version": "4.0.2",
      "resolved": "https://registry.npmjs.org/xtend/-/xtend-4.0.2.tgz",
      "integrity": "sha512-LKYU1iAXJXUgAXn9URjiu+MWhyUXHsvfp7mcuYm9dSUKK0/CjtrUwFAxD82/mCWbtLsGjFIad0wIsod4zrTAEQ=="
    }
  }
}
